// !$*UTF8*$!
{
	archiveVersion = 1;
	classes = {
	};
	objectVersion = 46;
	objects = {

/* Begin PBXBuildFile section */
		9B4398421AF16E2D005D6F3D /* main.m in Sources */ = {isa = PBXBuildFile; fileRef = 9B4398411AF16E2D005D6F3D /* main.m */; };
		9B4398451AF16E2D005D6F3D /* AppDelegate.m in Sources */ = {isa = PBXBuildFile; fileRef = 9B4398441AF16E2D005D6F3D /* AppDelegate.m */; };
		9B4398481AF16E2D005D6F3D /* ViewController.m in Sources */ = {isa = PBXBuildFile; fileRef = 9B4398471AF16E2D005D6F3D /* ViewController.m */; };
		9B43984B1AF16E2D005D6F3D /* Main.storyboard in Resources */ = {isa = PBXBuildFile; fileRef = 9B4398491AF16E2D005D6F3D /* Main.storyboard */; };
		9B43984D1AF16E2D005D6F3D /* Images.xcassets in Resources */ = {isa = PBXBuildFile; fileRef = 9B43984C1AF16E2D005D6F3D /* Images.xcassets */; };
		9B4398501AF16E2D005D6F3D /* LaunchScreen.xib in Resources */ = {isa = PBXBuildFile; fileRef = 9B43984E1AF16E2D005D6F3D /* LaunchScreen.xib */; };
		9B43985C1AF16E2D005D6F3D /* Bee_BuddyTests.m in Sources */ = {isa = PBXBuildFile; fileRef = 9B43985B1AF16E2D005D6F3D /* Bee_BuddyTests.m */; };
		9B6A49B91B0C0D820096E552 /* CoreData.framework in Frameworks */ = {isa = PBXBuildFile; fileRef = 9B6A49B81B0C0D820096E552 /* CoreData.framework */; };
		9B6A49BC1B0C0DC70096E552 /* Model.xcdatamodeld in Sources */ = {isa = PBXBuildFile; fileRef = 9B6A49BA1B0C0DC70096E552 /* Model.xcdatamodeld */; };
		9B6A49C21B0C100C0096E552 /* InspectionObject.m in Sources */ = {isa = PBXBuildFile; fileRef = 9B6A49C11B0C100C0096E552 /* InspectionObject.m */; };
		9B6A49C51B0C14790096E552 /* InspectionTableViewController.m in Sources */ = {isa = PBXBuildFile; fileRef = 9B6A49C41B0C14790096E552 /* InspectionTableViewController.m */; };
		9B6A49C81B0D796A0096E552 /* NotesViewController.m in Sources */ = {isa = PBXBuildFile; fileRef = 9B6A49C71B0D796A0096E552 /* NotesViewController.m */; };
		9B6A49CB1B0E654C0096E552 /* ApiaryViewController.m in Sources */ = {isa = PBXBuildFile; fileRef = 9B6A49CA1B0E654C0096E552 /* ApiaryViewController.m */; };
		9B6A49CE1B0EC9910096E552 /* HiveCollectionViewCell.m in Sources */ = {isa = PBXBuildFile; fileRef = 9B6A49CD1B0EC9910096E552 /* HiveCollectionViewCell.m */; };
		9B6A49D61B0FC9740096E552 /* CreationViewController.m in Sources */ = {isa = PBXBuildFile; fileRef = 9B6A49D51B0FC9740096E552 /* CreationViewController.m */; };
		9BC496991B10F16800A4DA78 /* HiveController.m in Sources */ = {isa = PBXBuildFile; fileRef = 9BC496981B10F16800A4DA78 /* HiveController.m */; };
		9BF02CB81B043A6500A9BE52 /* HiveBoxDataSource.m in Sources */ = {isa = PBXBuildFile; fileRef = 9BF02CB71B043A6500A9BE52 /* HiveBoxDataSource.m */; };
		9BF02CBB1B043C0400A9BE52 /* HiveTableViewController.m in Sources */ = {isa = PBXBuildFile; fileRef = 9BF02CBA1B043C0400A9BE52 /* HiveTableViewController.m */; };
/* End PBXBuildFile section */

/* Begin PBXContainerItemProxy section */
		9B4398561AF16E2D005D6F3D /* PBXContainerItemProxy */ = {
			isa = PBXContainerItemProxy;
			containerPortal = 9B4398341AF16E2D005D6F3D /* Project object */;
			proxyType = 1;
			remoteGlobalIDString = 9B43983B1AF16E2D005D6F3D;
			remoteInfo = "Bee Buddy";
		};
/* End PBXContainerItemProxy section */

/* Begin PBXFileReference section */
		9B43983C1AF16E2D005D6F3D /* Bee Buddy.app */ = {isa = PBXFileReference; explicitFileType = wrapper.application; includeInIndex = 0; path = "Bee Buddy.app"; sourceTree = BUILT_PRODUCTS_DIR; };
		9B4398401AF16E2D005D6F3D /* Info.plist */ = {isa = PBXFileReference; lastKnownFileType = text.plist.xml; path = Info.plist; sourceTree = "<group>"; };
		9B4398411AF16E2D005D6F3D /* main.m */ = {isa = PBXFileReference; lastKnownFileType = sourcecode.c.objc; path = main.m; sourceTree = "<group>"; };
		9B4398431AF16E2D005D6F3D /* AppDelegate.h */ = {isa = PBXFileReference; lastKnownFileType = sourcecode.c.h; path = AppDelegate.h; sourceTree = "<group>"; };
		9B4398441AF16E2D005D6F3D /* AppDelegate.m */ = {isa = PBXFileReference; lastKnownFileType = sourcecode.c.objc; path = AppDelegate.m; sourceTree = "<group>"; };
		9B4398461AF16E2D005D6F3D /* ViewController.h */ = {isa = PBXFileReference; lastKnownFileType = sourcecode.c.h; path = ViewController.h; sourceTree = "<group>"; };
		9B4398471AF16E2D005D6F3D /* ViewController.m */ = {isa = PBXFileReference; lastKnownFileType = sourcecode.c.objc; path = ViewController.m; sourceTree = "<group>"; };
		9B43984A1AF16E2D005D6F3D /* Base */ = {isa = PBXFileReference; lastKnownFileType = file.storyboard; name = Base; path = Base.lproj/Main.storyboard; sourceTree = "<group>"; };
		9B43984C1AF16E2D005D6F3D /* Images.xcassets */ = {isa = PBXFileReference; lastKnownFileType = folder.assetcatalog; path = Images.xcassets; sourceTree = "<group>"; };
		9B43984F1AF16E2D005D6F3D /* Base */ = {isa = PBXFileReference; lastKnownFileType = file.xib; name = Base; path = Base.lproj/LaunchScreen.xib; sourceTree = "<group>"; };
		9B4398551AF16E2D005D6F3D /* Bee BuddyTests.xctest */ = {isa = PBXFileReference; explicitFileType = wrapper.cfbundle; includeInIndex = 0; path = "Bee BuddyTests.xctest"; sourceTree = BUILT_PRODUCTS_DIR; };
		9B43985A1AF16E2D005D6F3D /* Info.plist */ = {isa = PBXFileReference; lastKnownFileType = text.plist.xml; path = Info.plist; sourceTree = "<group>"; };
		9B43985B1AF16E2D005D6F3D /* Bee_BuddyTests.m */ = {isa = PBXFileReference; lastKnownFileType = sourcecode.c.objc; path = Bee_BuddyTests.m; sourceTree = "<group>"; };
		9B6A49B81B0C0D820096E552 /* CoreData.framework */ = {isa = PBXFileReference; lastKnownFileType = wrapper.framework; name = CoreData.framework; path = System/Library/Frameworks/CoreData.framework; sourceTree = SDKROOT; };
		9B6A49BB1B0C0DC70096E552 /* Model.xcdatamodel */ = {isa = PBXFileReference; lastKnownFileType = wrapper.xcdatamodel; path = Model.xcdatamodel; sourceTree = "<group>"; };
		9B6A49C01B0C100C0096E552 /* InspectionObject.h */ = {isa = PBXFileReference; fileEncoding = 4; lastKnownFileType = sourcecode.c.h; name = InspectionObject.h; path = ../InspectionObject.h; sourceTree = "<group>"; };
		9B6A49C11B0C100C0096E552 /* InspectionObject.m */ = {isa = PBXFileReference; fileEncoding = 4; lastKnownFileType = sourcecode.c.objc; name = InspectionObject.m; path = ../InspectionObject.m; sourceTree = "<group>"; };
		9B6A49C31B0C14790096E552 /* InspectionTableViewController.h */ = {isa = PBXFileReference; fileEncoding = 4; lastKnownFileType = sourcecode.c.h; path = InspectionTableViewController.h; sourceTree = "<group>"; };
		9B6A49C41B0C14790096E552 /* InspectionTableViewController.m */ = {isa = PBXFileReference; fileEncoding = 4; lastKnownFileType = sourcecode.c.objc; path = InspectionTableViewController.m; sourceTree = "<group>"; };
		9B6A49C61B0D796A0096E552 /* NotesViewController.h */ = {isa = PBXFileReference; fileEncoding = 4; lastKnownFileType = sourcecode.c.h; name = NotesViewController.h; path = ../NotesViewController.h; sourceTree = "<group>"; };
		9B6A49C71B0D796A0096E552 /* NotesViewController.m */ = {isa = PBXFileReference; fileEncoding = 4; lastKnownFileType = sourcecode.c.objc; name = NotesViewController.m; path = ../NotesViewController.m; sourceTree = "<group>"; };
		9B6A49C91B0E654C0096E552 /* ApiaryViewController.h */ = {isa = PBXFileReference; fileEncoding = 4; lastKnownFileType = sourcecode.c.h; path = ApiaryViewController.h; sourceTree = "<group>"; };
		9B6A49CA1B0E654C0096E552 /* ApiaryViewController.m */ = {isa = PBXFileReference; fileEncoding = 4; lastKnownFileType = sourcecode.c.objc; path = ApiaryViewController.m; sourceTree = "<group>"; };
		9B6A49CC1B0EC9910096E552 /* HiveCollectionViewCell.h */ = {isa = PBXFileReference; fileEncoding = 4; lastKnownFileType = sourcecode.c.h; path = HiveCollectionViewCell.h; sourceTree = "<group>"; };
		9B6A49CD1B0EC9910096E552 /* HiveCollectionViewCell.m */ = {isa = PBXFileReference; fileEncoding = 4; lastKnownFileType = sourcecode.c.objc; path = HiveCollectionViewCell.m; sourceTree = "<group>"; };
		9B6A49D41B0FC9740096E552 /* CreationViewController.h */ = {isa = PBXFileReference; fileEncoding = 4; lastKnownFileType = sourcecode.c.h; path = CreationViewController.h; sourceTree = "<group>"; };
		9B6A49D51B0FC9740096E552 /* CreationViewController.m */ = {isa = PBXFileReference; fileEncoding = 4; lastKnownFileType = sourcecode.c.objc; path = CreationViewController.m; sourceTree = "<group>"; };
		9BC496971B10F16800A4DA78 /* HiveController.h */ = {isa = PBXFileReference; fileEncoding = 4; lastKnownFileType = sourcecode.c.h; path = HiveController.h; sourceTree = "<group>"; };
		9BC496981B10F16800A4DA78 /* HiveController.m */ = {isa = PBXFileReference; fileEncoding = 4; lastKnownFileType = sourcecode.c.objc; path = HiveController.m; sourceTree = "<group>"; };
		9BF02CB61B043A6500A9BE52 /* HiveBoxDataSource.h */ = {isa = PBXFileReference; fileEncoding = 4; lastKnownFileType = sourcecode.c.h; path = HiveBoxDataSource.h; sourceTree = "<group>"; };
		9BF02CB71B043A6500A9BE52 /* HiveBoxDataSource.m */ = {isa = PBXFileReference; fileEncoding = 4; lastKnownFileType = sourcecode.c.objc; path = HiveBoxDataSource.m; sourceTree = "<group>"; };
		9BF02CB91B043C0400A9BE52 /* HiveTableViewController.h */ = {isa = PBXFileReference; fileEncoding = 4; lastKnownFileType = sourcecode.c.h; path = HiveTableViewController.h; sourceTree = "<group>"; };
		9BF02CBA1B043C0400A9BE52 /* HiveTableViewController.m */ = {isa = PBXFileReference; fileEncoding = 4; lastKnownFileType = sourcecode.c.objc; path = HiveTableViewController.m; sourceTree = "<group>"; };
/* End PBXFileReference section */

/* Begin PBXFrameworksBuildPhase section */
		9B4398391AF16E2D005D6F3D /* Frameworks */ = {
			isa = PBXFrameworksBuildPhase;
			buildActionMask = 2147483647;
			files = (
				9B6A49B91B0C0D820096E552 /* CoreData.framework in Frameworks */,
			);
			runOnlyForDeploymentPostprocessing = 0;
		};
		9B4398521AF16E2D005D6F3D /* Frameworks */ = {
			isa = PBXFrameworksBuildPhase;
			buildActionMask = 2147483647;
			files = (
			);
			runOnlyForDeploymentPostprocessing = 0;
		};
/* End PBXFrameworksBuildPhase section */

/* Begin PBXGroup section */
		9B4398331AF16E2D005D6F3D = {
			isa = PBXGroup;
			children = (
				9B43983E1AF16E2D005D6F3D /* Bee Buddy */,
				9B4398581AF16E2D005D6F3D /* Bee BuddyTests */,
				9B43983D1AF16E2D005D6F3D /* Products */,
			);
			sourceTree = "<group>";
		};
		9B43983D1AF16E2D005D6F3D /* Products */ = {
			isa = PBXGroup;
			children = (
				9B43983C1AF16E2D005D6F3D /* Bee Buddy.app */,
				9B4398551AF16E2D005D6F3D /* Bee BuddyTests.xctest */,
			);
			name = Products;
			sourceTree = "<group>";
		};
		9B43983E1AF16E2D005D6F3D /* Bee Buddy */ = {
			isa = PBXGroup;
			children = (
				9B4398431AF16E2D005D6F3D /* AppDelegate.h */,
				9B4398441AF16E2D005D6F3D /* AppDelegate.m */,
				9B6A49C01B0C100C0096E552 /* InspectionObject.h */,
				9B6A49C11B0C100C0096E552 /* InspectionObject.m */,
				9B4398491AF16E2D005D6F3D /* Main.storyboard */,
				9BF02CB61B043A6500A9BE52 /* HiveBoxDataSource.h */,
				9BF02CB71B043A6500A9BE52 /* HiveBoxDataSource.m */,
				9BC496971B10F16800A4DA78 /* HiveController.h */,
				9BC496981B10F16800A4DA78 /* HiveController.m */,
				9B4398461AF16E2D005D6F3D /* ViewController.h */,
				9B4398471AF16E2D005D6F3D /* ViewController.m */,
				9BC496961B10DEE700A4DA78 /* Inspections Group */,
				9B6A49D31B0FC8ED0096E552 /* Journal Group */,
				9BC496951B10D45A00A4DA78 /* CollectionView Group */,
				9B6A49CF1B0FC8650096E552 /* Creation Group */,
				9B43984C1AF16E2D005D6F3D /* Images.xcassets */,
				9B43984E1AF16E2D005D6F3D /* LaunchScreen.xib */,
				9B6A49B81B0C0D820096E552 /* CoreData.framework */,
				9B6A49BA1B0C0DC70096E552 /* Model.xcdatamodeld */,
				9B43983F1AF16E2D005D6F3D /* Supporting Files */,
			);
			path = "Bee Buddy";
			sourceTree = "<group>";
		};
		9B43983F1AF16E2D005D6F3D /* Supporting Files */ = {
			isa = PBXGroup;
			children = (
				9B4398401AF16E2D005D6F3D /* Info.plist */,
				9B4398411AF16E2D005D6F3D /* main.m */,
			);
			name = "Supporting Files";
			sourceTree = "<group>";
		};
		9B4398581AF16E2D005D6F3D /* Bee BuddyTests */ = {
			isa = PBXGroup;
			children = (
				9B43985B1AF16E2D005D6F3D /* Bee_BuddyTests.m */,
				9B4398591AF16E2D005D6F3D /* Supporting Files */,
			);
			path = "Bee BuddyTests";
			sourceTree = "<group>";
		};
		9B4398591AF16E2D005D6F3D /* Supporting Files */ = {
			isa = PBXGroup;
			children = (
				9B43985A1AF16E2D005D6F3D /* Info.plist */,
			);
			name = "Supporting Files";
			sourceTree = "<group>";
		};
		9B6A49CF1B0FC8650096E552 /* Creation Group */ = {
			isa = PBXGroup;
			children = (
				9B6A49C91B0E654C0096E552 /* ApiaryViewController.h */,
				9B6A49CA1B0E654C0096E552 /* ApiaryViewController.m */,
				9B6A49D41B0FC9740096E552 /* CreationViewController.h */,
				9B6A49D51B0FC9740096E552 /* CreationViewController.m */,
			);
			name = "Creation Group";
			sourceTree = "<group>";
		};
		9B6A49D31B0FC8ED0096E552 /* Journal Group */ = {
			isa = PBXGroup;
			children = (
				9B6A49C31B0C14790096E552 /* InspectionTableViewController.h */,
				9B6A49C41B0C14790096E552 /* InspectionTableViewController.m */,
				9B6A49C61B0D796A0096E552 /* NotesViewController.h */,
				9B6A49C71B0D796A0096E552 /* NotesViewController.m */,
			);
			name = "Journal Group";
			sourceTree = "<group>";
		};
		9BC496951B10D45A00A4DA78 /* CollectionView Group */ = {
			isa = PBXGroup;
			children = (
				9B6A49CC1B0EC9910096E552 /* HiveCollectionViewCell.h */,
				9B6A49CD1B0EC9910096E552 /* HiveCollectionViewCell.m */,
			);
			name = "CollectionView Group";
			sourceTree = "<group>";
		};
		9BC496961B10DEE700A4DA78 /* Inspections Group */ = {
			isa = PBXGroup;
			children = (
				9BF02CB91B043C0400A9BE52 /* HiveTableViewController.h */,
				9BF02CBA1B043C0400A9BE52 /* HiveTableViewController.m */,
			);
			name = "Inspections Group";
			sourceTree = "<group>";
		};
/* End PBXGroup section */

/* Begin PBXNativeTarget section */
		9B43983B1AF16E2D005D6F3D /* Bee Buddy */ = {
			isa = PBXNativeTarget;
			buildConfigurationList = 9B43985F1AF16E2D005D6F3D /* Build configuration list for PBXNativeTarget "Bee Buddy" */;
			buildPhases = (
				9B4398381AF16E2D005D6F3D /* Sources */,
				9B4398391AF16E2D005D6F3D /* Frameworks */,
				9B43983A1AF16E2D005D6F3D /* Resources */,
			);
			buildRules = (
			);
			dependencies = (
			);
			name = "Bee Buddy";
			productName = "Bee Buddy";
			productReference = 9B43983C1AF16E2D005D6F3D /* Bee Buddy.app */;
			productType = "com.apple.product-type.application";
		};
		9B4398541AF16E2D005D6F3D /* Bee BuddyTests */ = {
			isa = PBXNativeTarget;
			buildConfigurationList = 9B4398621AF16E2D005D6F3D /* Build configuration list for PBXNativeTarget "Bee BuddyTests" */;
			buildPhases = (
				9B4398511AF16E2D005D6F3D /* Sources */,
				9B4398521AF16E2D005D6F3D /* Frameworks */,
				9B4398531AF16E2D005D6F3D /* Resources */,
			);
			buildRules = (
			);
			dependencies = (
				9B4398571AF16E2D005D6F3D /* PBXTargetDependency */,
			);
			name = "Bee BuddyTests";
			productName = "Bee BuddyTests";
			productReference = 9B4398551AF16E2D005D6F3D /* Bee BuddyTests.xctest */;
			productType = "com.apple.product-type.bundle.unit-test";
		};
/* End PBXNativeTarget section */

/* Begin PBXProject section */
		9B4398341AF16E2D005D6F3D /* Project object */ = {
			isa = PBXProject;
			attributes = {
				LastUpgradeCheck = 0630;
				ORGANIZATIONNAME = "Eric Newman";
				TargetAttributes = {
					9B43983B1AF16E2D005D6F3D = {
						CreatedOnToolsVersion = 6.3.1;
						DevelopmentTeam = 67T6UH8E7E;
					};
					9B4398541AF16E2D005D6F3D = {
						CreatedOnToolsVersion = 6.3.1;
						TestTargetID = 9B43983B1AF16E2D005D6F3D;
					};
				};
			};
			buildConfigurationList = 9B4398371AF16E2D005D6F3D /* Build configuration list for PBXProject "Bee Buddy" */;
			compatibilityVersion = "Xcode 3.2";
			developmentRegion = English;
			hasScannedForEncodings = 0;
			knownRegions = (
				en,
				Base,
			);
			mainGroup = 9B4398331AF16E2D005D6F3D;
			productRefGroup = 9B43983D1AF16E2D005D6F3D /* Products */;
			projectDirPath = "";
			projectRoot = "";
			targets = (
				9B43983B1AF16E2D005D6F3D /* Bee Buddy */,
				9B4398541AF16E2D005D6F3D /* Bee BuddyTests */,
			);
		};
/* End PBXProject section */

/* Begin PBXResourcesBuildPhase section */
		9B43983A1AF16E2D005D6F3D /* Resources */ = {
			isa = PBXResourcesBuildPhase;
			buildActionMask = 2147483647;
			files = (
				9B43984B1AF16E2D005D6F3D /* Main.storyboard in Resources */,
				9B4398501AF16E2D005D6F3D /* LaunchScreen.xib in Resources */,
				9B43984D1AF16E2D005D6F3D /* Images.xcassets in Resources */,
			);
			runOnlyForDeploymentPostprocessing = 0;
		};
		9B4398531AF16E2D005D6F3D /* Resources */ = {
			isa = PBXResourcesBuildPhase;
			buildActionMask = 2147483647;
			files = (
			);
			runOnlyForDeploymentPostprocessing = 0;
		};
/* End PBXResourcesBuildPhase section */

/* Begin PBXSourcesBuildPhase section */
		9B4398381AF16E2D005D6F3D /* Sources */ = {
			isa = PBXSourcesBuildPhase;
			buildActionMask = 2147483647;
			files = (
				9B6A49C21B0C100C0096E552 /* InspectionObject.m in Sources */,
				9B4398481AF16E2D005D6F3D /* ViewController.m in Sources */,
				9B6A49C51B0C14790096E552 /* InspectionTableViewController.m in Sources */,
				9B6A49D61B0FC9740096E552 /* CreationViewController.m in Sources */,
				9BF02CBB1B043C0400A9BE52 /* HiveTableViewController.m in Sources */,
				9B6A49CE1B0EC9910096E552 /* HiveCollectionViewCell.m in Sources */,
				9B6A49CB1B0E654C0096E552 /* ApiaryViewController.m in Sources */,
				9B6A49BC1B0C0DC70096E552 /* Model.xcdatamodeld in Sources */,
				9B4398451AF16E2D005D6F3D /* AppDelegate.m in Sources */,
				9BF02CB81B043A6500A9BE52 /* HiveBoxDataSource.m in Sources */,
				9BC496991B10F16800A4DA78 /* HiveController.m in Sources */,
				9B4398421AF16E2D005D6F3D /* main.m in Sources */,
				9B6A49C81B0D796A0096E552 /* NotesViewController.m in Sources */,
			);
			runOnlyForDeploymentPostprocessing = 0;
		};
		9B4398511AF16E2D005D6F3D /* Sources */ = {
			isa = PBXSourcesBuildPhase;
			buildActionMask = 2147483647;
			files = (
				9B43985C1AF16E2D005D6F3D /* Bee_BuddyTests.m in Sources */,
			);
			runOnlyForDeploymentPostprocessing = 0;
		};
/* End PBXSourcesBuildPhase section */

/* Begin PBXTargetDependency section */
		9B4398571AF16E2D005D6F3D /* PBXTargetDependency */ = {
			isa = PBXTargetDependency;
			target = 9B43983B1AF16E2D005D6F3D /* Bee Buddy */;
			targetProxy = 9B4398561AF16E2D005D6F3D /* PBXContainerItemProxy */;
		};
/* End PBXTargetDependency section */

/* Begin PBXVariantGroup section */
		9B4398491AF16E2D005D6F3D /* Main.storyboard */ = {
			isa = PBXVariantGroup;
			children = (
				9B43984A1AF16E2D005D6F3D /* Base */,
			);
			name = Main.storyboard;
			sourceTree = "<group>";
		};
		9B43984E1AF16E2D005D6F3D /* LaunchScreen.xib */ = {
			isa = PBXVariantGroup;
			children = (
				9B43984F1AF16E2D005D6F3D /* Base */,
			);
			name = LaunchScreen.xib;
			sourceTree = "<group>";
		};
/* End PBXVariantGroup section */

/* Begin XCBuildConfiguration section */
		9B43985D1AF16E2D005D6F3D /* Debug */ = {
			isa = XCBuildConfiguration;
			buildSettings = {
				ALWAYS_SEARCH_USER_PATHS = NO;
				CLANG_CXX_LANGUAGE_STANDARD = "gnu++0x";
				CLANG_CXX_LIBRARY = "libc++";
				CLANG_ENABLE_MODULES = YES;
				CLANG_ENABLE_OBJC_ARC = YES;
				CLANG_WARN_BOOL_CONVERSION = YES;
				CLANG_WARN_CONSTANT_CONVERSION = YES;
				CLANG_WARN_DIRECT_OBJC_ISA_USAGE = YES_ERROR;
				CLANG_WARN_EMPTY_BODY = YES;
				CLANG_WARN_ENUM_CONVERSION = YES;
				CLANG_WARN_INT_CONVERSION = YES;
				CLANG_WARN_OBJC_ROOT_CLASS = YES_ERROR;
				CLANG_WARN_UNREACHABLE_CODE = YES;
				CLANG_WARN__DUPLICATE_METHOD_MATCH = YES;
				"CODE_SIGN_IDENTITY[sdk=iphoneos*]" = "iPhone Developer";
				COPY_PHASE_STRIP = NO;
				DEBUG_INFORMATION_FORMAT = "dwarf-with-dsym";
				ENABLE_STRICT_OBJC_MSGSEND = YES;
				GCC_C_LANGUAGE_STANDARD = gnu99;
				GCC_DYNAMIC_NO_PIC = NO;
				GCC_NO_COMMON_BLOCKS = YES;
				GCC_OPTIMIZATION_LEVEL = 0;
				GCC_PREPROCESSOR_DEFINITIONS = (
					"DEBUG=1",
					"$(inherited)",
				);
				GCC_SYMBOLS_PRIVATE_EXTERN = NO;
				GCC_WARN_64_TO_32_BIT_CONVERSION = YES;
				GCC_WARN_ABOUT_RETURN_TYPE = YES_ERROR;
				GCC_WARN_UNDECLARED_SELECTOR = YES;
				GCC_WARN_UNINITIALIZED_AUTOS = YES_AGGRESSIVE;
				GCC_WARN_UNUSED_FUNCTION = YES;
				GCC_WARN_UNUSED_VARIABLE = YES;
				IPHONEOS_DEPLOYMENT_TARGET = 8.3;
				MTL_ENABLE_DEBUG_INFO = YES;
				ONLY_ACTIVE_ARCH = YES;
				SDKROOT = iphoneos;
				TARGETED_DEVICE_FAMILY = "1,2";
			};
			name = Debug;
		};
		9B43985E1AF16E2D005D6F3D /* Release */ = {
			isa = XCBuildConfiguration;
			buildSettings = {
				ALWAYS_SEARCH_USER_PATHS = NO;
				CLANG_CXX_LANGUAGE_STANDARD = "gnu++0x";
				CLANG_CXX_LIBRARY = "libc++";
				CLANG_ENABLE_MODULES = YES;
				CLANG_ENABLE_OBJC_ARC = YES;
				CLANG_WARN_BOOL_CONVERSION = YES;
				CLANG_WARN_CONSTANT_CONVERSION = YES;
				CLANG_WARN_DIRECT_OBJC_ISA_USAGE = YES_ERROR;
				CLANG_WARN_EMPTY_BODY = YES;
				CLANG_WARN_ENUM_CONVERSION = YES;
				CLANG_WARN_INT_CONVERSION = YES;
				CLANG_WARN_OBJC_ROOT_CLASS = YES_ERROR;
				CLANG_WARN_UNREACHABLE_CODE = YES;
				CLANG_WARN__DUPLICATE_METHOD_MATCH = YES;
				"CODE_SIGN_IDENTITY[sdk=iphoneos*]" = "iPhone Developer";
				COPY_PHASE_STRIP = NO;
				DEBUG_INFORMATION_FORMAT = "dwarf-with-dsym";
				ENABLE_NS_ASSERTIONS = NO;
				ENABLE_STRICT_OBJC_MSGSEND = YES;
				GCC_C_LANGUAGE_STANDARD = gnu99;
				GCC_NO_COMMON_BLOCKS = YES;
				GCC_WARN_64_TO_32_BIT_CONVERSION = YES;
				GCC_WARN_ABOUT_RETURN_TYPE = YES_ERROR;
				GCC_WARN_UNDECLARED_SELECTOR = YES;
				GCC_WARN_UNINITIALIZED_AUTOS = YES_AGGRESSIVE;
				GCC_WARN_UNUSED_FUNCTION = YES;
				GCC_WARN_UNUSED_VARIABLE = YES;
				IPHONEOS_DEPLOYMENT_TARGET = 8.3;
				MTL_ENABLE_DEBUG_INFO = NO;
				SDKROOT = iphoneos;
				TARGETED_DEVICE_FAMILY = "1,2";
				VALIDATE_PRODUCT = YES;
			};
			name = Release;
		};
		9B4398601AF16E2D005D6F3D /* Debug */ = {
			isa = XCBuildConfiguration;
			buildSettings = {
				ASSETCATALOG_COMPILER_APPICON_NAME = AppIcon;
				CODE_SIGN_IDENTITY = "iPhone Developer";
				INFOPLIST_FILE = "Bee Buddy/Info.plist";
				LD_RUNPATH_SEARCH_PATHS = "$(inherited) @executable_path/Frameworks";
				PRODUCT_NAME = "$(TARGET_NAME)";
			};
			name = Debug;
		};
		9B4398611AF16E2D005D6F3D /* Release */ = {
			isa = XCBuildConfiguration;
			buildSettings = {
				ASSETCATALOG_COMPILER_APPICON_NAME = AppIcon;
				CODE_SIGN_IDENTITY = "iPhone Developer";
				INFOPLIST_FILE = "Bee Buddy/Info.plist";
				LD_RUNPATH_SEARCH_PATHS = "$(inherited) @executable_path/Frameworks";
				PRODUCT_NAME = "$(TARGET_NAME)";
			};
			name = Release;
		};
		9B4398631AF16E2D005D6F3D /* Debug */ = {
			isa = XCBuildConfiguration;
			buildSettings = {
				BUNDLE_LOADER = "$(TEST_HOST)";
				FRAMEWORK_SEARCH_PATHS = (
					"$(SDKROOT)/Developer/Library/Frameworks",
					"$(inherited)",
				);
				GCC_PREPROCESSOR_DEFINITIONS = (
					"DEBUG=1",
					"$(inherited)",
				);
				INFOPLIST_FILE = "Bee BuddyTests/Info.plist";
				LD_RUNPATH_SEARCH_PATHS = "$(inherited) @executable_path/Frameworks @loader_path/Frameworks";
				PRODUCT_NAME = "$(TARGET_NAME)";
				TEST_HOST = "$(BUILT_PRODUCTS_DIR)/Bee Buddy.app/Bee Buddy";
			};
			name = Debug;
		};
		9B4398641AF16E2D005D6F3D /* Release */ = {
			isa = XCBuildConfiguration;
			buildSettings = {
				BUNDLE_LOADER = "$(TEST_HOST)";
				FRAMEWORK_SEARCH_PATHS = (
					"$(SDKROOT)/Developer/Library/Frameworks",
					"$(inherited)",
				);
				INFOPLIST_FILE = "Bee BuddyTests/Info.plist";
				LD_RUNPATH_SEARCH_PATHS = "$(inherited) @executable_path/Frameworks @loader_path/Frameworks";
				PRODUCT_NAME = "$(TARGET_NAME)";
				TEST_HOST = "$(BUILT_PRODUCTS_DIR)/Bee Buddy.app/Bee Buddy";
			};
			name = Release;
		};
/* End XCBuildConfiguration section */

/* Begin XCConfigurationList section */
		9B4398371AF16E2D005D6F3D /* Build configuration list for PBXProject "Bee Buddy" */ = {
			isa = XCConfigurationList;
			buildConfigurations = (
				9B43985D1AF16E2D005D6F3D /* Debug */,
				9B43985E1AF16E2D005D6F3D /* Release */,
			);
			defaultConfigurationIsVisible = 0;
			defaultConfigurationName = Release;
		};
		9B43985F1AF16E2D005D6F3D /* Build configuration list for PBXNativeTarget "Bee Buddy" */ = {
			isa = XCConfigurationList;
			buildConfigurations = (
				9B4398601AF16E2D005D6F3D /* Debug */,
				9B4398611AF16E2D005D6F3D /* Release */,
			);
			defaultConfigurationIsVisible = 0;
			defaultConfigurationName = Release;
		};
		9B4398621AF16E2D005D6F3D /* Build configuration list for PBXNativeTarget "Bee BuddyTests" */ = {
			isa = XCConfigurationList;
			buildConfigurations = (
				9B4398631AF16E2D005D6F3D /* Debug */,
				9B4398641AF16E2D005D6F3D /* Release */,
			);
			defaultConfigurationIsVisible = 0;
			defaultConfigurationName = Release;
		};
/* End XCConfigurationList section */

/* Begin XCVersionGroup section */
		9B6A49BA1B0C0DC70096E552 /* Model.xcdatamodeld */ = {
			isa = XCVersionGroup;
			children = (
				9B6A49BB1B0C0DC70096E552 /* Model.xcdatamodel */,
			);
			currentVersion = 9B6A49BB1B0C0DC70096E552 /* Model.xcdatamodel */;
			name = Model.xcdatamodeld;
			path = ../Model.xcdatamodeld;
			sourceTree = "<group>";
			versionGroupType = wrapper.xcdatamodel;
		};
/* End XCVersionGroup section */
	};
	rootObject = 9B4398341AF16E2D005D6F3D /* Project object */;
}
